
Microsoft Visual Studio Solution File, Format Version 12.00
# Visual Studio Version 16
VisualStudioVersion = 16.0.32228.343
MinimumVisualStudioVersion = 10.0.40219.1
Project("{9A19103F-16F7-4668-BE54-9A1E7A4F7556}") = "copyConstructor", "copyConstructor\copyConstructor.csproj", "{C26F7EE6-F7DC-4B16-A7F8-CA77C6EB5CAB}"
EndProject
Project("{9A19103F-16F7-4668-BE54-9A1E7A4F7556}") = "String", "String\String.csproj", "{EC284A42-E0FB-4338-9237-155B4356CFE6}"
EndProject
Project("{9A19103F-16F7-4668-BE54-9A1E7A4F7556}") = "Encapsulation", "Encapsulation\Encapsulation.csproj", "{C93A286C-0CD9-4330-A721-DA2FCEE9CD55}"
EndProject
Project("{9A19103F-16F7-4668-BE54-9A1E7A4F7556}") = "Abstract Class", "Abstract Class\Abstract Class.csproj", "{63C42BD2-681C-456F-AD76-047502793FE1}"
EndProject
Project("{FAE04EC0-301F-11D3-BF4B-00C04F79EFBC}") = "Mehod Hiding", "Mehos Hidin\Mehod Hiding.csproj", "{C1AC9B17-5F7A-4F3C-B6E7-16AB6E578CC5}"
EndProject
Project("{FAE04EC0-301F-11D3-BF4B-00C04F79EFBC}") = "PartialClass", "PartialClass\PartialClass.csproj", "{4119410C-FB62-4716-827A-A96216FECB43}"
EndProject
Global
	GlobalSection(SolutionConfigurationPlatforms) = preSolution
		Debug|Any CPU = Debug|Any CPU
		Release|Any CPU = Release|Any CPU
	EndGlobalSection
	GlobalSection(ProjectConfigurationPlatforms) = postSolution
		{C26F7EE6-F7DC-4B16-A7F8-CA77C6EB5CAB}.Debug|Any CPU.ActiveCfg = Debug|Any CPU
		{C26F7EE6-F7DC-4B16-A7F8-CA77C6EB5CAB}.Debug|Any CPU.Build.0 = Debug|Any CPU
		{C26F7EE6-F7DC-4B16-A7F8-CA77C6EB5CAB}.Release|Any CPU.ActiveCfg = Release|Any CPU
		{C26F7EE6-F7DC-4B16-A7F8-CA77C6EB5CAB}.Release|Any CPU.Build.0 = Release|Any CPU
		{EC284A42-E0FB-4338-9237-155B4356CFE6}.Debug|Any CPU.ActiveCfg = Debug|Any CPU
		{EC284A42-E0FB-4338-9237-155B4356CFE6}.Debug|Any CPU.Build.0 = Debug|Any CPU
		{EC284A42-E0FB-4338-9237-155B4356CFE6}.Release|Any CPU.ActiveCfg = Release|Any CPU
		{EC284A42-E0FB-4338-9237-155B4356CFE6}.Release|Any CPU.Build.0 = Release|Any CPU
		{C93A286C-0CD9-4330-A721-DA2FCEE9CD55}.Debug|Any CPU.ActiveCfg = Debug|Any CPU
		{C93A286C-0CD9-4330-A721-DA2FCEE9CD55}.Debug|Any CPU.Build.0 = Debug|Any CPU
		{C93A286C-0CD9-4330-A721-DA2FCEE9CD55}.Release|Any CPU.ActiveCfg = Release|Any CPU
		{C93A286C-0CD9-4330-A721-DA2FCEE9CD55}.Release|Any CPU.Build.0 = Release|Any CPU
		{63C42BD2-681C-456F-AD76-047502793FE1}.Debug|Any CPU.ActiveCfg = Debug|Any CPU
		{63C42BD2-681C-456F-AD76-047502793FE1}.Debug|Any CPU.Build.0 = Debug|Any CPU
		{63C42BD2-681C-456F-AD76-047502793FE1}.Release|Any CPU.ActiveCfg = Release|Any CPU
		{63C42BD2-681C-456F-AD76-047502793FE1}.Release|Any CPU.Build.0 = Release|Any CPU
		{C1AC9B17-5F7A-4F3C-B6E7-16AB6E578CC5}.Debug|Any CPU.ActiveCfg = Debug|Any CPU
		{C1AC9B17-5F7A-4F3C-B6E7-16AB6E578CC5}.Debug|Any CPU.Build.0 = Debug|Any CPU
		{C1AC9B17-5F7A-4F3C-B6E7-16AB6E578CC5}.Release|Any CPU.ActiveCfg = Release|Any CPU
		{C1AC9B17-5F7A-4F3C-B6E7-16AB6E578CC5}.Release|Any CPU.Build.0 = Release|Any CPU
		{4119410C-FB62-4716-827A-A96216FECB43}.Debug|Any CPU.ActiveCfg = Debug|Any CPU
		{4119410C-FB62-4716-827A-A96216FECB43}.Debug|Any CPU.Build.0 = Debug|Any CPU
		{4119410C-FB62-4716-827A-A96216FECB43}.Release|Any CPU.ActiveCfg = Release|Any CPU
		{4119410C-FB62-4716-827A-A96216FECB43}.Release|Any CPU.Build.0 = Release|Any CPU
	EndGlobalSection
	GlobalSection(SolutionProperties) = preSolution
		HideSolutionNode = FALSE
	EndGlobalSection
	GlobalSection(ExtensibilityGlobals) = postSolution
		SolutionGuid = {7E82AFDA-3539-48DE-996F-EE189EB7F30E}
	EndGlobalSection
EndGlobal
